// !$*UTF8*$!
{
	archiveVersion = 1;
	classes = {
	};
	objectVersion = 56;
	objects = {

/* Begin PBXBuildFile section */
		7D5556552BD87AD20023E888 /* TimerView.swift in Sources */ = {isa = PBXBuildFile; fileRef = 7D5556542BD87AD20023E888 /* TimerView.swift */; };
		7D5556592BD916350023E888 /* ResultView.swift in Sources */ = {isa = PBXBuildFile; fileRef = 7D5556582BD916350023E888 /* ResultView.swift */; };
		7D9D02442BD3C7A700B4E649 /* LevelChip.swift in Sources */ = {isa = PBXBuildFile; fileRef = 7D9D02432BD3C7A700B4E649 /* LevelChip.swift */; };
		7D9D02462BD3E8CD00B4E649 /* CategoryList.swift in Sources */ = {isa = PBXBuildFile; fileRef = 7D9D02452BD3E8CD00B4E649 /* CategoryList.swift */; };
		7D9D02482BD3EAB500B4E649 /* Leaderboard.swift in Sources */ = {isa = PBXBuildFile; fileRef = 7D9D02472BD3EAB500B4E649 /* Leaderboard.swift */; };
		7D9D024B2BD3F68700B4E649 /* LevelSummaryCard.swift in Sources */ = {isa = PBXBuildFile; fileRef = 7D9D024A2BD3F68700B4E649 /* LevelSummaryCard.swift */; };
		7D9D024E2BD409F100B4E649 /* QuizView.swift in Sources */ = {isa = PBXBuildFile; fileRef = 7D9D024D2BD409F100B4E649 /* QuizView.swift */; };
		7DC22B242BD3404000CDBE5D /* Category.swift in Sources */ = {isa = PBXBuildFile; fileRef = 7DC22B232BD3403F00CDBE5D /* Category.swift */; };
		7DC22B2D2BD3658A00CDBE5D /* Difficulty.swift in Sources */ = {isa = PBXBuildFile; fileRef = 7DC22B2C2BD3658A00CDBE5D /* Difficulty.swift */; };
		7DC22B322BD36CD600CDBE5D /* AppContainer.swift in Sources */ = {isa = PBXBuildFile; fileRef = 7DC22B312BD36CD600CDBE5D /* AppContainer.swift */; };
		7DC22B342BD3794600CDBE5D /* Previewer.swift in Sources */ = {isa = PBXBuildFile; fileRef = 7DC22B332BD3794600CDBE5D /* Previewer.swift */; };
		7DC22B362BD37F9C00CDBE5D /* CategoryDetail.swift in Sources */ = {isa = PBXBuildFile; fileRef = 7DC22B352BD37F9C00CDBE5D /* CategoryDetail.swift */; };
		7DC22B382BD3810100CDBE5D /* CategoryRow.swift in Sources */ = {isa = PBXBuildFile; fileRef = 7DC22B372BD3810100CDBE5D /* CategoryRow.swift */; };
		7DE5AAB72BD48BB100C60222 /* Router.swift in Sources */ = {isa = PBXBuildFile; fileRef = 7DE5AAB62BD48BB100C60222 /* Router.swift */; };
		7DE5AAB92BD4A43A00C60222 /* HttpDataDownloader.swift in Sources */ = {isa = PBXBuildFile; fileRef = 7DE5AAB82BD4A43A00C60222 /* HttpDataDownloader.swift */; };
		7DE5AABB2BD4A58400C60222 /* QuizResponse.swift in Sources */ = {isa = PBXBuildFile; fileRef = 7DE5AABA2BD4A58400C60222 /* QuizResponse.swift */; };
		7DE5AABD2BD4A94B00C60222 /* QuizError.swift in Sources */ = {isa = PBXBuildFile; fileRef = 7DE5AABC2BD4A94B00C60222 /* QuizError.swift */; };
		7DE5AAC22BD4B2A200C60222 /* Quiz.swift in Sources */ = {isa = PBXBuildFile; fileRef = 7DE5AAC12BD4B2A200C60222 /* Quiz.swift */; };
		7DE5AAC42BD4C27900C60222 /* QuizClient.swift in Sources */ = {isa = PBXBuildFile; fileRef = 7DE5AAC32BD4C27900C60222 /* QuizClient.swift */; };
		7DE5AAC52BD4C3B500C60222 /* TestData.swift in Sources */ = {isa = PBXBuildFile; fileRef = 7DE5AABE2BD4AAD300C60222 /* TestData.swift */; };
		7DE5AAC72BD4C44600C60222 /* TestDownloader.swift in Sources */ = {isa = PBXBuildFile; fileRef = 7DE5AAC62BD4C44600C60222 /* TestDownloader.swift */; };
		7DE5AAC92BD4C67500C60222 /* QuizViewModel.swift in Sources */ = {isa = PBXBuildFile; fileRef = 7DE5AAC82BD4C67500C60222 /* QuizViewModel.swift */; };
		7DE5AACD2BD4D04300C60222 /* CategoryData.swift in Sources */ = {isa = PBXBuildFile; fileRef = 7DE5AACC2BD4D04300C60222 /* CategoryData.swift */; };
		7DE5AACF2BD4D5DC00C60222 /* PageViewController.swift in Sources */ = {isa = PBXBuildFile; fileRef = 7DE5AACE2BD4D5DC00C60222 /* PageViewController.swift */; };
		7DE5AAD12BD4DB3700C60222 /* QuizCard.swift in Sources */ = {isa = PBXBuildFile; fileRef = 7DE5AAD02BD4DB3700C60222 /* QuizCard.swift */; };
		7DE5AAD32BD4DD4000C60222 /* QuizPage.swift in Sources */ = {isa = PBXBuildFile; fileRef = 7DE5AAD22BD4DD4000C60222 /* QuizPage.swift */; };
		7DE5AAD52BD4EECB00C60222 /* ChoiceButton.swift in Sources */ = {isa = PBXBuildFile; fileRef = 7DE5AAD42BD4EECB00C60222 /* ChoiceButton.swift */; };
		7DE5AAD72BD5126500C60222 /* PageControl.swift in Sources */ = {isa = PBXBuildFile; fileRef = 7DE5AAD62BD5126500C60222 /* PageControl.swift */; };
		7DE5AAD92BD52ABC00C60222 /* Answer.swift in Sources */ = {isa = PBXBuildFile; fileRef = 7DE5AAD82BD52ABC00C60222 /* Answer.swift */; };
		7DE5AADB2BD52BE500C60222 /* Constants.swift in Sources */ = {isa = PBXBuildFile; fileRef = 7DE5AADA2BD52BE500C60222 /* Constants.swift */; };
		7DEFB54B2BD3371000A792E2 /* Quiz_MasterApp.swift in Sources */ = {isa = PBXBuildFile; fileRef = 7DEFB54A2BD3371000A792E2 /* Quiz_MasterApp.swift */; };
		7DEFB54D2BD3371000A792E2 /* ContentView.swift in Sources */ = {isa = PBXBuildFile; fileRef = 7DEFB54C2BD3371000A792E2 /* ContentView.swift */; };
		7DEFB54F2BD3371100A792E2 /* Assets.xcassets in Resources */ = {isa = PBXBuildFile; fileRef = 7DEFB54E2BD3371100A792E2 /* Assets.xcassets */; };
		7DEFB5522BD3371100A792E2 /* Preview Assets.xcassets in Resources */ = {isa = PBXBuildFile; fileRef = 7DEFB5512BD3371100A792E2 /* Preview Assets.xcassets */; };
		7DEFB55C2BD3371100A792E2 /* Quiz_MasterTests.swift in Sources */ = {isa = PBXBuildFile; fileRef = 7DEFB55B2BD3371100A792E2 /* Quiz_MasterTests.swift */; };
		7DEFB5662BD3371100A792E2 /* Quiz_MasterUITests.swift in Sources */ = {isa = PBXBuildFile; fileRef = 7DEFB5652BD3371100A792E2 /* Quiz_MasterUITests.swift */; };
		7DEFB5682BD3371100A792E2 /* Quiz_MasterUITestsLaunchTests.swift in Sources */ = {isa = PBXBuildFile; fileRef = 7DEFB5672BD3371100A792E2 /* Quiz_MasterUITestsLaunchTests.swift */; };
/* End PBXBuildFile section */

/* Begin PBXContainerItemProxy section */
		7DEFB5582BD3371100A792E2 /* PBXContainerItemProxy */ = {
			isa = PBXContainerItemProxy;
			containerPortal = 7DEFB53F2BD3371000A792E2 /* Project object */;
			proxyType = 1;
			remoteGlobalIDString = 7DEFB5462BD3371000A792E2;
			remoteInfo = "Quiz Master";
		};
		7DEFB5622BD3371100A792E2 /* PBXContainerItemProxy */ = {
			isa = PBXContainerItemProxy;
			containerPortal = 7DEFB53F2BD3371000A792E2 /* Project object */;
			proxyType = 1;
			remoteGlobalIDString = 7DEFB5462BD3371000A792E2;
			remoteInfo = "Quiz Master";
		};
/* End PBXContainerItemProxy section */

/* Begin PBXFileReference section */
		7D5556542BD87AD20023E888 /* TimerView.swift */ = {isa = PBXFileReference; lastKnownFileType = sourcecode.swift; path = TimerView.swift; sourceTree = "<group>"; };
		7D5556582BD916350023E888 /* ResultView.swift */ = {isa = PBXFileReference; lastKnownFileType = sourcecode.swift; path = ResultView.swift; sourceTree = "<group>"; };
		7D9D02432BD3C7A700B4E649 /* LevelChip.swift */ = {isa = PBXFileReference; lastKnownFileType = sourcecode.swift; path = LevelChip.swift; sourceTree = "<group>"; };
		7D9D02452BD3E8CD00B4E649 /* CategoryList.swift */ = {isa = PBXFileReference; lastKnownFileType = sourcecode.swift; path = CategoryList.swift; sourceTree = "<group>"; };
		7D9D02472BD3EAB500B4E649 /* Leaderboard.swift */ = {isa = PBXFileReference; lastKnownFileType = sourcecode.swift; path = Leaderboard.swift; sourceTree = "<group>"; };
		7D9D024A2BD3F68700B4E649 /* LevelSummaryCard.swift */ = {isa = PBXFileReference; lastKnownFileType = sourcecode.swift; path = LevelSummaryCard.swift; sourceTree = "<group>"; };
		7D9D024D2BD409F100B4E649 /* QuizView.swift */ = {isa = PBXFileReference; lastKnownFileType = sourcecode.swift; path = QuizView.swift; sourceTree = "<group>"; };
		7DC22B232BD3403F00CDBE5D /* Category.swift */ = {isa = PBXFileReference; lastKnownFileType = sourcecode.swift; path = Category.swift; sourceTree = "<group>"; };
		7DC22B2C2BD3658A00CDBE5D /* Difficulty.swift */ = {isa = PBXFileReference; lastKnownFileType = sourcecode.swift; path = Difficulty.swift; sourceTree = "<group>"; };
		7DC22B312BD36CD600CDBE5D /* AppContainer.swift */ = {isa = PBXFileReference; lastKnownFileType = sourcecode.swift; path = AppContainer.swift; sourceTree = "<group>"; };
		7DC22B332BD3794600CDBE5D /* Previewer.swift */ = {isa = PBXFileReference; lastKnownFileType = sourcecode.swift; path = Previewer.swift; sourceTree = "<group>"; };
		7DC22B352BD37F9C00CDBE5D /* CategoryDetail.swift */ = {isa = PBXFileReference; lastKnownFileType = sourcecode.swift; path = CategoryDetail.swift; sourceTree = "<group>"; };
		7DC22B372BD3810100CDBE5D /* CategoryRow.swift */ = {isa = PBXFileReference; lastKnownFileType = sourcecode.swift; path = CategoryRow.swift; sourceTree = "<group>"; };
		7DE5AAB62BD48BB100C60222 /* Router.swift */ = {isa = PBXFileReference; lastKnownFileType = sourcecode.swift; path = Router.swift; sourceTree = "<group>"; };
		7DE5AAB82BD4A43A00C60222 /* HttpDataDownloader.swift */ = {isa = PBXFileReference; lastKnownFileType = sourcecode.swift; path = HttpDataDownloader.swift; sourceTree = "<group>"; };
		7DE5AABA2BD4A58400C60222 /* QuizResponse.swift */ = {isa = PBXFileReference; lastKnownFileType = sourcecode.swift; path = QuizResponse.swift; sourceTree = "<group>"; };
		7DE5AABC2BD4A94B00C60222 /* QuizError.swift */ = {isa = PBXFileReference; lastKnownFileType = sourcecode.swift; path = QuizError.swift; sourceTree = "<group>"; };
		7DE5AABE2BD4AAD300C60222 /* TestData.swift */ = {isa = PBXFileReference; lastKnownFileType = sourcecode.swift; path = TestData.swift; sourceTree = "<group>"; };
		7DE5AAC12BD4B2A200C60222 /* Quiz.swift */ = {isa = PBXFileReference; lastKnownFileType = sourcecode.swift; path = Quiz.swift; sourceTree = "<group>"; };
		7DE5AAC32BD4C27900C60222 /* QuizClient.swift */ = {isa = PBXFileReference; lastKnownFileType = sourcecode.swift; path = QuizClient.swift; sourceTree = "<group>"; };
		7DE5AAC62BD4C44600C60222 /* TestDownloader.swift */ = {isa = PBXFileReference; lastKnownFileType = sourcecode.swift; path = TestDownloader.swift; sourceTree = "<group>"; };
		7DE5AAC82BD4C67500C60222 /* QuizViewModel.swift */ = {isa = PBXFileReference; lastKnownFileType = sourcecode.swift; path = QuizViewModel.swift; sourceTree = "<group>"; };
		7DE5AACC2BD4D04300C60222 /* CategoryData.swift */ = {isa = PBXFileReference; lastKnownFileType = sourcecode.swift; path = CategoryData.swift; sourceTree = "<group>"; };
		7DE5AACE2BD4D5DC00C60222 /* PageViewController.swift */ = {isa = PBXFileReference; lastKnownFileType = sourcecode.swift; path = PageViewController.swift; sourceTree = "<group>"; };
		7DE5AAD02BD4DB3700C60222 /* QuizCard.swift */ = {isa = PBXFileReference; lastKnownFileType = sourcecode.swift; path = QuizCard.swift; sourceTree = "<group>"; };
		7DE5AAD22BD4DD4000C60222 /* QuizPage.swift */ = {isa = PBXFileReference; lastKnownFileType = sourcecode.swift; path = QuizPage.swift; sourceTree = "<group>"; };
		7DE5AAD42BD4EECB00C60222 /* ChoiceButton.swift */ = {isa = PBXFileReference; lastKnownFileType = sourcecode.swift; path = ChoiceButton.swift; sourceTree = "<group>"; };
		7DE5AAD62BD5126500C60222 /* PageControl.swift */ = {isa = PBXFileReference; lastKnownFileType = sourcecode.swift; path = PageControl.swift; sourceTree = "<group>"; };
		7DE5AAD82BD52ABC00C60222 /* Answer.swift */ = {isa = PBXFileReference; lastKnownFileType = sourcecode.swift; path = Answer.swift; sourceTree = "<group>"; };
		7DE5AADA2BD52BE500C60222 /* Constants.swift */ = {isa = PBXFileReference; lastKnownFileType = sourcecode.swift; path = Constants.swift; sourceTree = "<group>"; };
		7DEFB5472BD3371000A792E2 /* Quiz Master.app */ = {isa = PBXFileReference; explicitFileType = wrapper.application; includeInIndex = 0; path = "Quiz Master.app"; sourceTree = BUILT_PRODUCTS_DIR; };
		7DEFB54A2BD3371000A792E2 /* Quiz_MasterApp.swift */ = {isa = PBXFileReference; lastKnownFileType = sourcecode.swift; path = Quiz_MasterApp.swift; sourceTree = "<group>"; };
		7DEFB54C2BD3371000A792E2 /* ContentView.swift */ = {isa = PBXFileReference; lastKnownFileType = sourcecode.swift; path = ContentView.swift; sourceTree = "<group>"; };
		7DEFB54E2BD3371100A792E2 /* Assets.xcassets */ = {isa = PBXFileReference; lastKnownFileType = folder.assetcatalog; path = Assets.xcassets; sourceTree = "<group>"; };
		7DEFB5512BD3371100A792E2 /* Preview Assets.xcassets */ = {isa = PBXFileReference; lastKnownFileType = folder.assetcatalog; path = "Preview Assets.xcassets"; sourceTree = "<group>"; };
		7DEFB5572BD3371100A792E2 /* Quiz MasterTests.xctest */ = {isa = PBXFileReference; explicitFileType = wrapper.cfbundle; includeInIndex = 0; path = "Quiz MasterTests.xctest"; sourceTree = BUILT_PRODUCTS_DIR; };
		7DEFB55B2BD3371100A792E2 /* Quiz_MasterTests.swift */ = {isa = PBXFileReference; lastKnownFileType = sourcecode.swift; path = Quiz_MasterTests.swift; sourceTree = "<group>"; };
		7DEFB5612BD3371100A792E2 /* Quiz MasterUITests.xctest */ = {isa = PBXFileReference; explicitFileType = wrapper.cfbundle; includeInIndex = 0; path = "Quiz MasterUITests.xctest"; sourceTree = BUILT_PRODUCTS_DIR; };
		7DEFB5652BD3371100A792E2 /* Quiz_MasterUITests.swift */ = {isa = PBXFileReference; lastKnownFileType = sourcecode.swift; path = Quiz_MasterUITests.swift; sourceTree = "<group>"; };
		7DEFB5672BD3371100A792E2 /* Quiz_MasterUITestsLaunchTests.swift */ = {isa = PBXFileReference; lastKnownFileType = sourcecode.swift; path = Quiz_MasterUITestsLaunchTests.swift; sourceTree = "<group>"; };
/* End PBXFileReference section */

/* Begin PBXFrameworksBuildPhase section */
		7DEFB5442BD3371000A792E2 /* Frameworks */ = {
			isa = PBXFrameworksBuildPhase;
			buildActionMask = 2147483647;
			files = (
			);
			runOnlyForDeploymentPostprocessing = 0;
		};
		7DEFB5542BD3371100A792E2 /* Frameworks */ = {
			isa = PBXFrameworksBuildPhase;
			buildActionMask = 2147483647;
			files = (
			);
			runOnlyForDeploymentPostprocessing = 0;
		};
		7DEFB55E2BD3371100A792E2 /* Frameworks */ = {
			isa = PBXFrameworksBuildPhase;
			buildActionMask = 2147483647;
			files = (
			);
			runOnlyForDeploymentPostprocessing = 0;
		};
/* End PBXFrameworksBuildPhase section */

/* Begin PBXGroup section */
		7D5556562BD912070023E888 /* Utils */ = {
			isa = PBXGroup;
			children = (
				7DE5AAB62BD48BB100C60222 /* Router.swift */,
				7DC22B312BD36CD600CDBE5D /* AppContainer.swift */,
				7DE5AADA2BD52BE500C60222 /* Constants.swift */,
				7DE5AACA2BD4C9C200C60222 /* Network */,
			);
			path = Utils;
			sourceTree = "<group>";
		};
		7D5556572BD916270023E888 /* Results */ = {
			isa = PBXGroup;
			children = (
				7D5556582BD916350023E888 /* ResultView.swift */,
			);
			path = Results;
			sourceTree = "<group>";
		};
		7D9D02492BD3ED1B00B4E649 /* Categories */ = {
			isa = PBXGroup;
			children = (
				7D9D02432BD3C7A700B4E649 /* LevelChip.swift */,
				7DC22B352BD37F9C00CDBE5D /* CategoryDetail.swift */,
				7DC22B372BD3810100CDBE5D /* CategoryRow.swift */,
				7D9D02452BD3E8CD00B4E649 /* CategoryList.swift */,
				7D9D024A2BD3F68700B4E649 /* LevelSummaryCard.swift */,
			);
			path = Categories;
			sourceTree = "<group>";
		};
		7D9D024C2BD4090800B4E649 /* Quizzes */ = {
			isa = PBXGroup;
			children = (
				7D9D024D2BD409F100B4E649 /* QuizView.swift */,
				7DE5AACE2BD4D5DC00C60222 /* PageViewController.swift */,
				7DE5AAD02BD4DB3700C60222 /* QuizCard.swift */,
				7DE5AAD22BD4DD4000C60222 /* QuizPage.swift */,
				7DE5AAD42BD4EECB00C60222 /* ChoiceButton.swift */,
				7DE5AAD62BD5126500C60222 /* PageControl.swift */,
				7D5556542BD87AD20023E888 /* TimerView.swift */,
			);
			path = Quizzes;
			sourceTree = "<group>";
		};
		7DC22B2B2BD3632500CDBE5D /* Model */ = {
			isa = PBXGroup;
			children = (
				7DE5AAC02BD4ADEF00C60222 /* Quiz */,
				7DC22B232BD3403F00CDBE5D /* Category.swift */,
				7DC22B2C2BD3658A00CDBE5D /* Difficulty.swift */,
				7DE5AAD82BD52ABC00C60222 /* Answer.swift */,
			);
			path = Model;
			sourceTree = "<group>";
		};
		7DC22B2E2BD368D100CDBE5D /* Views */ = {
			isa = PBXGroup;
			children = (
				7D5556572BD916270023E888 /* Results */,
				7D9D024C2BD4090800B4E649 /* Quizzes */,
				7D9D02492BD3ED1B00B4E649 /* Categories */,
				7DEFB54C2BD3371000A792E2 /* ContentView.swift */,
				7D9D02472BD3EAB500B4E649 /* Leaderboard.swift */,
			);
			path = Views;
			sourceTree = "<group>";
		};
		7DE5AAC02BD4ADEF00C60222 /* Quiz */ = {
			isa = PBXGroup;
			children = (
				7DE5AABA2BD4A58400C60222 /* QuizResponse.swift */,
				7DE5AABC2BD4A94B00C60222 /* QuizError.swift */,
				7DE5AAC12BD4B2A200C60222 /* Quiz.swift */,
			);
			path = Quiz;
			sourceTree = "<group>";
		};
		7DE5AACA2BD4C9C200C60222 /* Network */ = {
			isa = PBXGroup;
			children = (
				7DE5AAB82BD4A43A00C60222 /* HttpDataDownloader.swift */,
				7DE5AAC32BD4C27900C60222 /* QuizClient.swift */,
			);
			path = Network;
			sourceTree = "<group>";
		};
		7DE5AACB2BD4C9E000C60222 /* ViewModels */ = {
			isa = PBXGroup;
			children = (
				7DE5AAC82BD4C67500C60222 /* QuizViewModel.swift */,
			);
			path = ViewModels;
			sourceTree = "<group>";
		};
		7DEFB53E2BD3371000A792E2 = {
			isa = PBXGroup;
			children = (
				7DEFB5492BD3371000A792E2 /* Quiz Master */,
				7DEFB55A2BD3371100A792E2 /* Quiz MasterTests */,
				7DEFB5642BD3371100A792E2 /* Quiz MasterUITests */,
				7DEFB5482BD3371000A792E2 /* Products */,
			);
			sourceTree = "<group>";
		};
		7DEFB5482BD3371000A792E2 /* Products */ = {
			isa = PBXGroup;
			children = (
				7DEFB5472BD3371000A792E2 /* Quiz Master.app */,
				7DEFB5572BD3371100A792E2 /* Quiz MasterTests.xctest */,
				7DEFB5612BD3371100A792E2 /* Quiz MasterUITests.xctest */,
			);
			name = Products;
			sourceTree = "<group>";
		};
		7DEFB5492BD3371000A792E2 /* Quiz Master */ = {
			isa = PBXGroup;
			children = (
				7D5556562BD912070023E888 /* Utils */,
				7DE5AACB2BD4C9E000C60222 /* ViewModels */,
				7DC22B2E2BD368D100CDBE5D /* Views */,
				7DC22B2B2BD3632500CDBE5D /* Model */,
				7DEFB54A2BD3371000A792E2 /* Quiz_MasterApp.swift */,
				7DEFB54E2BD3371100A792E2 /* Assets.xcassets */,
				7DEFB5502BD3371100A792E2 /* Preview Content */,
			);
			path = "Quiz Master";
			sourceTree = "<group>";
		};
		7DEFB5502BD3371100A792E2 /* Preview Content */ = {
			isa = PBXGroup;
			children = (
				7DEFB5512BD3371100A792E2 /* Preview Assets.xcassets */,
				7DC22B332BD3794600CDBE5D /* Previewer.swift */,
				7DE5AABE2BD4AAD300C60222 /* TestData.swift */,
				7DE5AAC62BD4C44600C60222 /* TestDownloader.swift */,
				7DE5AACC2BD4D04300C60222 /* CategoryData.swift */,
			);
			path = "Preview Content";
			sourceTree = "<group>";
		};
		7DEFB55A2BD3371100A792E2 /* Quiz MasterTests */ = {
			isa = PBXGroup;
			children = (
				7DEFB55B2BD3371100A792E2 /* Quiz_MasterTests.swift */,
			);
			path = "Quiz MasterTests";
			sourceTree = "<group>";
		};
		7DEFB5642BD3371100A792E2 /* Quiz MasterUITests */ = {
			isa = PBXGroup;
			children = (
				7DEFB5652BD3371100A792E2 /* Quiz_MasterUITests.swift */,
				7DEFB5672BD3371100A792E2 /* Quiz_MasterUITestsLaunchTests.swift */,
			);
			path = "Quiz MasterUITests";
			sourceTree = "<group>";
		};
/* End PBXGroup section */

/* Begin PBXNativeTarget section */
		7DEFB5462BD3371000A792E2 /* Quiz Master */ = {
			isa = PBXNativeTarget;
			buildConfigurationList = 7DEFB56B2BD3371100A792E2 /* Build configuration list for PBXNativeTarget "Quiz Master" */;
			buildPhases = (
				7DEFB5432BD3371000A792E2 /* Sources */,
				7DEFB5442BD3371000A792E2 /* Frameworks */,
				7DEFB5452BD3371000A792E2 /* Resources */,
			);
			buildRules = (
			);
			dependencies = (
			);
			name = "Quiz Master";
			productName = "Quiz Master";
			productReference = 7DEFB5472BD3371000A792E2 /* Quiz Master.app */;
			productType = "com.apple.product-type.application";
		};
		7DEFB5562BD3371100A792E2 /* Quiz MasterTests */ = {
			isa = PBXNativeTarget;
			buildConfigurationList = 7DEFB56E2BD3371100A792E2 /* Build configuration list for PBXNativeTarget "Quiz MasterTests" */;
			buildPhases = (
				7DEFB5532BD3371100A792E2 /* Sources */,
				7DEFB5542BD3371100A792E2 /* Frameworks */,
				7DEFB5552BD3371100A792E2 /* Resources */,
			);
			buildRules = (
			);
			dependencies = (
				7DEFB5592BD3371100A792E2 /* PBXTargetDependency */,
			);
			name = "Quiz MasterTests";
			productName = "Quiz MasterTests";
			productReference = 7DEFB5572BD3371100A792E2 /* Quiz MasterTests.xctest */;
			productType = "com.apple.product-type.bundle.unit-test";
		};
		7DEFB5602BD3371100A792E2 /* Quiz MasterUITests */ = {
			isa = PBXNativeTarget;
			buildConfigurationList = 7DEFB5712BD3371100A792E2 /* Build configuration list for PBXNativeTarget "Quiz MasterUITests" */;
			buildPhases = (
				7DEFB55D2BD3371100A792E2 /* Sources */,
				7DEFB55E2BD3371100A792E2 /* Frameworks */,
				7DEFB55F2BD3371100A792E2 /* Resources */,
			);
			buildRules = (
			);
			dependencies = (
				7DEFB5632BD3371100A792E2 /* PBXTargetDependency */,
			);
			name = "Quiz MasterUITests";
			productName = "Quiz MasterUITests";
			productReference = 7DEFB5612BD3371100A792E2 /* Quiz MasterUITests.xctest */;
			productType = "com.apple.product-type.bundle.ui-testing";
		};
/* End PBXNativeTarget section */

/* Begin PBXProject section */
		7DEFB53F2BD3371000A792E2 /* Project object */ = {
			isa = PBXProject;
			attributes = {
				BuildIndependentTargetsInParallel = 1;
				LastSwiftUpdateCheck = 1520;
				LastUpgradeCheck = 1520;
				TargetAttributes = {
					7DEFB5462BD3371000A792E2 = {
						CreatedOnToolsVersion = 15.2;
					};
					7DEFB5562BD3371100A792E2 = {
						CreatedOnToolsVersion = 15.2;
						TestTargetID = 7DEFB5462BD3371000A792E2;
					};
					7DEFB5602BD3371100A792E2 = {
						CreatedOnToolsVersion = 15.2;
						TestTargetID = 7DEFB5462BD3371000A792E2;
					};
				};
			};
			buildConfigurationList = 7DEFB5422BD3371000A792E2 /* Build configuration list for PBXProject "Quiz Master" */;
			compatibilityVersion = "Xcode 14.0";
			developmentRegion = en;
			hasScannedForEncodings = 0;
			knownRegions = (
				en,
				Base,
			);
			mainGroup = 7DEFB53E2BD3371000A792E2;
			productRefGroup = 7DEFB5482BD3371000A792E2 /* Products */;
			projectDirPath = "";
			projectRoot = "";
			targets = (
				7DEFB5462BD3371000A792E2 /* Quiz Master */,
				7DEFB5562BD3371100A792E2 /* Quiz MasterTests */,
				7DEFB5602BD3371100A792E2 /* Quiz MasterUITests */,
			);
		};
/* End PBXProject section */

/* Begin PBXResourcesBuildPhase section */
		7DEFB5452BD3371000A792E2 /* Resources */ = {
			isa = PBXResourcesBuildPhase;
			buildActionMask = 2147483647;
			files = (
				7DEFB5522BD3371100A792E2 /* Preview Assets.xcassets in Resources */,
				7DEFB54F2BD3371100A792E2 /* Assets.xcassets in Resources */,
			);
			runOnlyForDeploymentPostprocessing = 0;
		};
		7DEFB5552BD3371100A792E2 /* Resources */ = {
			isa = PBXResourcesBuildPhase;
			buildActionMask = 2147483647;
			files = (
			);
			runOnlyForDeploymentPostprocessing = 0;
		};
		7DEFB55F2BD3371100A792E2 /* Resources */ = {
			isa = PBXResourcesBuildPhase;
			buildActionMask = 2147483647;
			files = (
			);
			runOnlyForDeploymentPostprocessing = 0;
		};
/* End PBXResourcesBuildPhase section */

/* Begin PBXSourcesBuildPhase section */
		7DEFB5432BD3371000A792E2 /* Sources */ = {
			isa = PBXSourcesBuildPhase;
			buildActionMask = 2147483647;
			files = (
				7DEFB54D2BD3371000A792E2 /* ContentView.swift in Sources */,
				7DE5AAB92BD4A43A00C60222 /* HttpDataDownloader.swift in Sources */,
				7DE5AAC42BD4C27900C60222 /* QuizClient.swift in Sources */,
				7DE5AAD12BD4DB3700C60222 /* QuizCard.swift in Sources */,
				7DE5AAC52BD4C3B500C60222 /* TestData.swift in Sources */,
				7D5556592BD916350023E888 /* ResultView.swift in Sources */,
				7D9D02482BD3EAB500B4E649 /* Leaderboard.swift in Sources */,
				7DE5AAD92BD52ABC00C60222 /* Answer.swift in Sources */,
				7DEFB54B2BD3371000A792E2 /* Quiz_MasterApp.swift in Sources */,
				7D9D024B2BD3F68700B4E649 /* LevelSummaryCard.swift in Sources */,
				7DC22B342BD3794600CDBE5D /* Previewer.swift in Sources */,
				7DE5AACD2BD4D04300C60222 /* CategoryData.swift in Sources */,
				7D9D02462BD3E8CD00B4E649 /* CategoryList.swift in Sources */,
				7D9D024E2BD409F100B4E649 /* QuizView.swift in Sources */,
				7DE5AAC22BD4B2A200C60222 /* Quiz.swift in Sources */,
				7DC22B2D2BD3658A00CDBE5D /* Difficulty.swift in Sources */,
				7DE5AAC72BD4C44600C60222 /* TestDownloader.swift in Sources */,
				7DE5AABD2BD4A94B00C60222 /* QuizError.swift in Sources */,
				7DE5AADB2BD52BE500C60222 /* Constants.swift in Sources */,
				7DE5AACF2BD4D5DC00C60222 /* PageViewController.swift in Sources */,
				7DC22B362BD37F9C00CDBE5D /* CategoryDetail.swift in Sources */,
				7DE5AAC92BD4C67500C60222 /* QuizViewModel.swift in Sources */,
				7DC22B242BD3404000CDBE5D /* Category.swift in Sources */,
				7DE5AAB72BD48BB100C60222 /* Router.swift in Sources */,
				7DC22B382BD3810100CDBE5D /* CategoryRow.swift in Sources */,
				7DE5AAD72BD5126500C60222 /* PageControl.swift in Sources */,
				7DE5AAD32BD4DD4000C60222 /* QuizPage.swift in Sources */,
				7D9D02442BD3C7A700B4E649 /* LevelChip.swift in Sources */,
				7D5556552BD87AD20023E888 /* TimerView.swift in Sources */,
				7DE5AABB2BD4A58400C60222 /* QuizResponse.swift in Sources */,
				7DC22B322BD36CD600CDBE5D /* AppContainer.swift in Sources */,
				7DE5AAD52BD4EECB00C60222 /* ChoiceButton.swift in Sources */,
			);
			runOnlyForDeploymentPostprocessing = 0;
		};
		7DEFB5532BD3371100A792E2 /* Sources */ = {
			isa = PBXSourcesBuildPhase;
			buildActionMask = 2147483647;
			files = (
				7DEFB55C2BD3371100A792E2 /* Quiz_MasterTests.swift in Sources */,
			);
			runOnlyForDeploymentPostprocessing = 0;
		};
		7DEFB55D2BD3371100A792E2 /* Sources */ = {
			isa = PBXSourcesBuildPhase;
			buildActionMask = 2147483647;
			files = (
				7DEFB5662BD3371100A792E2 /* Quiz_MasterUITests.swift in Sources */,
				7DEFB5682BD3371100A792E2 /* Quiz_MasterUITestsLaunchTests.swift in Sources */,
			);
			runOnlyForDeploymentPostprocessing = 0;
		};
/* End PBXSourcesBuildPhase section */

/* Begin PBXTargetDependency section */
		7DEFB5592BD3371100A792E2 /* PBXTargetDependency */ = {
			isa = PBXTargetDependency;
			target = 7DEFB5462BD3371000A792E2 /* Quiz Master */;
			targetProxy = 7DEFB5582BD3371100A792E2 /* PBXContainerItemProxy */;
		};
		7DEFB5632BD3371100A792E2 /* PBXTargetDependency */ = {
			isa = PBXTargetDependency;
			target = 7DEFB5462BD3371000A792E2 /* Quiz Master */;
			targetProxy = 7DEFB5622BD3371100A792E2 /* PBXContainerItemProxy */;
		};
/* End PBXTargetDependency section */

/* Begin XCBuildConfiguration section */
		7DEFB5692BD3371100A792E2 /* Debug */ = {
			isa = XCBuildConfiguration;
			buildSettings = {
				ALWAYS_SEARCH_USER_PATHS = NO;
				ASSETCATALOG_COMPILER_GENERATE_SWIFT_ASSET_SYMBOL_EXTENSIONS = YES;
				CLANG_ANALYZER_NONNULL = YES;
				CLANG_ANALYZER_NUMBER_OBJECT_CONVERSION = YES_AGGRESSIVE;
				CLANG_CXX_LANGUAGE_STANDARD = "gnu++20";
				CLANG_ENABLE_MODULES = YES;
				CLANG_ENABLE_OBJC_ARC = YES;
				CLANG_ENABLE_OBJC_WEAK = YES;
				CLANG_WARN_BLOCK_CAPTURE_AUTORELEASING = YES;
				CLANG_WARN_BOOL_CONVERSION = YES;
				CLANG_WARN_COMMA = YES;
				CLANG_WARN_CONSTANT_CONVERSION = YES;
				CLANG_WARN_DEPRECATED_OBJC_IMPLEMENTATIONS = YES;
				CLANG_WARN_DIRECT_OBJC_ISA_USAGE = YES_ERROR;
				CLANG_WARN_DOCUMENTATION_COMMENTS = YES;
				CLANG_WARN_EMPTY_BODY = YES;
				CLANG_WARN_ENUM_CONVERSION = YES;
				CLANG_WARN_INFINITE_RECURSION = YES;
				CLANG_WARN_INT_CONVERSION = YES;
				CLANG_WARN_NON_LITERAL_NULL_CONVERSION = YES;
				CLANG_WARN_OBJC_IMPLICIT_RETAIN_SELF = YES;
				CLANG_WARN_OBJC_LITERAL_CONVERSION = YES;
				CLANG_WARN_OBJC_ROOT_CLASS = YES_ERROR;
				CLANG_WARN_QUOTED_INCLUDE_IN_FRAMEWORK_HEADER = YES;
				CLANG_WARN_RANGE_LOOP_ANALYSIS = YES;
				CLANG_WARN_STRICT_PROTOTYPES = YES;
				CLANG_WARN_SUSPICIOUS_MOVE = YES;
				CLANG_WARN_UNGUARDED_AVAILABILITY = YES_AGGRESSIVE;
				CLANG_WARN_UNREACHABLE_CODE = YES;
				CLANG_WARN__DUPLICATE_METHOD_MATCH = YES;
				COPY_PHASE_STRIP = NO;
				DEBUG_INFORMATION_FORMAT = dwarf;
				ENABLE_STRICT_OBJC_MSGSEND = YES;
				ENABLE_TESTABILITY = YES;
				ENABLE_USER_SCRIPT_SANDBOXING = YES;
				GCC_C_LANGUAGE_STANDARD = gnu17;
				GCC_DYNAMIC_NO_PIC = NO;
				GCC_NO_COMMON_BLOCKS = YES;
				GCC_OPTIMIZATION_LEVEL = 0;
				GCC_PREPROCESSOR_DEFINITIONS = (
					"DEBUG=1",
					"$(inherited)",
				);
				GCC_WARN_64_TO_32_BIT_CONVERSION = YES;
				GCC_WARN_ABOUT_RETURN_TYPE = YES_ERROR;
				GCC_WARN_UNDECLARED_SELECTOR = YES;
				GCC_WARN_UNINITIALIZED_AUTOS = YES_AGGRESSIVE;
				GCC_WARN_UNUSED_FUNCTION = YES;
				GCC_WARN_UNUSED_VARIABLE = YES;
				IPHONEOS_DEPLOYMENT_TARGET = 17.2;
				LOCALIZATION_PREFERS_STRING_CATALOGS = YES;
				MTL_ENABLE_DEBUG_INFO = INCLUDE_SOURCE;
				MTL_FAST_MATH = YES;
				ONLY_ACTIVE_ARCH = YES;
				SDKROOT = iphoneos;
				SWIFT_ACTIVE_COMPILATION_CONDITIONS = "DEBUG $(inherited)";
				SWIFT_OPTIMIZATION_LEVEL = "-Onone";
			};
			name = Debug;
		};
		7DEFB56A2BD3371100A792E2 /* Release */ = {
			isa = XCBuildConfiguration;
			buildSettings = {
				ALWAYS_SEARCH_USER_PATHS = NO;
				ASSETCATALOG_COMPILER_GENERATE_SWIFT_ASSET_SYMBOL_EXTENSIONS = YES;
				CLANG_ANALYZER_NONNULL = YES;
				CLANG_ANALYZER_NUMBER_OBJECT_CONVERSION = YES_AGGRESSIVE;
				CLANG_CXX_LANGUAGE_STANDARD = "gnu++20";
				CLANG_ENABLE_MODULES = YES;
				CLANG_ENABLE_OBJC_ARC = YES;
				CLANG_ENABLE_OBJC_WEAK = YES;
				CLANG_WARN_BLOCK_CAPTURE_AUTORELEASING = YES;
				CLANG_WARN_BOOL_CONVERSION = YES;
				CLANG_WARN_COMMA = YES;
				CLANG_WARN_CONSTANT_CONVERSION = YES;
				CLANG_WARN_DEPRECATED_OBJC_IMPLEMENTATIONS = YES;
				CLANG_WARN_DIRECT_OBJC_ISA_USAGE = YES_ERROR;
				CLANG_WARN_DOCUMENTATION_COMMENTS = YES;
				CLANG_WARN_EMPTY_BODY = YES;
				CLANG_WARN_ENUM_CONVERSION = YES;
				CLANG_WARN_INFINITE_RECURSION = YES;
				CLANG_WARN_INT_CONVERSION = YES;
				CLANG_WARN_NON_LITERAL_NULL_CONVERSION = YES;
				CLANG_WARN_OBJC_IMPLICIT_RETAIN_SELF = YES;
				CLANG_WARN_OBJC_LITERAL_CONVERSION = YES;
				CLANG_WARN_OBJC_ROOT_CLASS = YES_ERROR;
				CLANG_WARN_QUOTED_INCLUDE_IN_FRAMEWORK_HEADER = YES;
				CLANG_WARN_RANGE_LOOP_ANALYSIS = YES;
				CLANG_WARN_STRICT_PROTOTYPES = YES;
				CLANG_WARN_SUSPICIOUS_MOVE = YES;
				CLANG_WARN_UNGUARDED_AVAILABILITY = YES_AGGRESSIVE;
				CLANG_WARN_UNREACHABLE_CODE = YES;
				CLANG_WARN__DUPLICATE_METHOD_MATCH = YES;
				COPY_PHASE_STRIP = NO;
				DEBUG_INFORMATION_FORMAT = "dwarf-with-dsym";
				ENABLE_NS_ASSERTIONS = NO;
				ENABLE_STRICT_OBJC_MSGSEND = YES;
				ENABLE_USER_SCRIPT_SANDBOXING = YES;
				GCC_C_LANGUAGE_STANDARD = gnu17;
				GCC_NO_COMMON_BLOCKS = YES;
				GCC_WARN_64_TO_32_BIT_CONVERSION = YES;
				GCC_WARN_ABOUT_RETURN_TYPE = YES_ERROR;
				GCC_WARN_UNDECLARED_SELECTOR = YES;
				GCC_WARN_UNINITIALIZED_AUTOS = YES_AGGRESSIVE;
				GCC_WARN_UNUSED_FUNCTION = YES;
				GCC_WARN_UNUSED_VARIABLE = YES;
				IPHONEOS_DEPLOYMENT_TARGET = 17.2;
				LOCALIZATION_PREFERS_STRING_CATALOGS = YES;
				MTL_ENABLE_DEBUG_INFO = NO;
				MTL_FAST_MATH = YES;
				SDKROOT = iphoneos;
				SWIFT_COMPILATION_MODE = wholemodule;
				VALIDATE_PRODUCT = YES;
			};
			name = Release;
		};
		7DEFB56C2BD3371100A792E2 /* Debug */ = {
			isa = XCBuildConfiguration;
			buildSettings = {
				ASSETCATALOG_COMPILER_APPICON_NAME = AppIcon;
				ASSETCATALOG_COMPILER_GLOBAL_ACCENT_COLOR_NAME = AccentColor;
				CODE_SIGN_STYLE = Automatic;
				CURRENT_PROJECT_VERSION = 1;
				DEVELOPMENT_ASSET_PATHS = "\"Quiz Master/Preview Content\"";
				DEVELOPMENT_TEAM = WUMMS3VR55;
				ENABLE_PREVIEWS = YES;
				GENERATE_INFOPLIST_FILE = YES;
				INFOPLIST_KEY_UIApplicationSceneManifest_Generation = YES;
				INFOPLIST_KEY_UIApplicationSupportsIndirectInputEvents = YES;
				INFOPLIST_KEY_UILaunchScreen_Generation = YES;
				INFOPLIST_KEY_UISupportedInterfaceOrientations_iPad = "UIInterfaceOrientationPortrait UIInterfaceOrientationPortraitUpsideDown UIInterfaceOrientationLandscapeLeft UIInterfaceOrientationLandscapeRight";
				INFOPLIST_KEY_UISupportedInterfaceOrientations_iPhone = "UIInterfaceOrientationPortrait UIInterfaceOrientationLandscapeLeft UIInterfaceOrientationLandscapeRight";
				LD_RUNPATH_SEARCH_PATHS = (
					"$(inherited)",
					"@executable_path/Frameworks",
				);
				MARKETING_VERSION = 1.0;
				PRODUCT_BUNDLE_IDENTIFIER = "my.izzatsyamil.Quiz-Master";
				PRODUCT_NAME = "$(TARGET_NAME)";
				SWIFT_EMIT_LOC_STRINGS = YES;
				SWIFT_VERSION = 5.0;
				TARGETED_DEVICE_FAMILY = "1,2";
			};
			name = Debug;
		};
		7DEFB56D2BD3371100A792E2 /* Release */ = {
			isa = XCBuildConfiguration;
			buildSettings = {
				ASSETCATALOG_COMPILER_APPICON_NAME = AppIcon;
				ASSETCATALOG_COMPILER_GLOBAL_ACCENT_COLOR_NAME = AccentColor;
				CODE_SIGN_STYLE = Automatic;
				CURRENT_PROJECT_VERSION = 1;
				DEVELOPMENT_ASSET_PATHS = "\"Quiz Master/Preview Content\"";
				DEVELOPMENT_TEAM = WUMMS3VR55;
				ENABLE_PREVIEWS = YES;
				GENERATE_INFOPLIST_FILE = YES;
				INFOPLIST_KEY_UIApplicationSceneManifest_Generation = YES;
				INFOPLIST_KEY_UIApplicationSupportsIndirectInputEvents = YES;
				INFOPLIST_KEY_UILaunchScreen_Generation = YES;
				INFOPLIST_KEY_UISupportedInterfaceOrientations_iPad = "UIInterfaceOrientationPortrait UIInterfaceOrientationPortraitUpsideDown UIInterfaceOrientationLandscapeLeft UIInterfaceOrientationLandscapeRight";
				INFOPLIST_KEY_UISupportedInterfaceOrientations_iPhone = "UIInterfaceOrientationPortrait UIInterfaceOrientationLandscapeLeft UIInterfaceOrientationLandscapeRight";
				LD_RUNPATH_SEARCH_PATHS = (
					"$(inherited)",
					"@executable_path/Frameworks",
				);
				MARKETING_VERSION = 1.0;
				PRODUCT_BUNDLE_IDENTIFIER = "my.izzatsyamil.Quiz-Master";
				PRODUCT_NAME = "$(TARGET_NAME)";
				SWIFT_EMIT_LOC_STRINGS = YES;
				SWIFT_VERSION = 5.0;
				TARGETED_DEVICE_FAMILY = "1,2";
			};
			name = Release;
		};
		7DEFB56F2BD3371100A792E2 /* Debug */ = {
			isa = XCBuildConfiguration;
			buildSettings = {
				ALWAYS_EMBED_SWIFT_STANDARD_LIBRARIES = YES;
				BUNDLE_LOADER = "$(TEST_HOST)";
				CODE_SIGN_STYLE = Automatic;
				CURRENT_PROJECT_VERSION = 1;
				DEVELOPMENT_TEAM = WUMMS3VR55;
				GENERATE_INFOPLIST_FILE = YES;
				IPHONEOS_DEPLOYMENT_TARGET = 17.2;
				MARKETING_VERSION = 1.0;
				PRODUCT_BUNDLE_IDENTIFIER = "my.izzatsyamil.Quiz-MasterTests";
				PRODUCT_NAME = "$(TARGET_NAME)";
				SWIFT_EMIT_LOC_STRINGS = NO;
				SWIFT_VERSION = 5.0;
				TARGETED_DEVICE_FAMILY = "1,2";
				TEST_HOST = "$(BUILT_PRODUCTS_DIR)/Quiz Master.app/$(BUNDLE_EXECUTABLE_FOLDER_PATH)/Quiz Master";
			};
			name = Debug;
		};
		7DEFB5702BD3371100A792E2 /* Release */ = {
			isa = XCBuildConfiguration;
			buildSettings = {
				ALWAYS_EMBED_SWIFT_STANDARD_LIBRARIES = YES;
				BUNDLE_LOADER = "$(TEST_HOST)";
				CODE_SIGN_STYLE = Automatic;
				CURRENT_PROJECT_VERSION = 1;
				DEVELOPMENT_TEAM = WUMMS3VR55;
				GENERATE_INFOPLIST_FILE = YES;
				IPHONEOS_DEPLOYMENT_TARGET = 17.2;
				MARKETING_VERSION = 1.0;
				PRODUCT_BUNDLE_IDENTIFIER = "my.izzatsyamil.Quiz-MasterTests";
				PRODUCT_NAME = "$(TARGET_NAME)";
				SWIFT_EMIT_LOC_STRINGS = NO;
				SWIFT_VERSION = 5.0;
				TARGETED_DEVICE_FAMILY = "1,2";
				TEST_HOST = "$(BUILT_PRODUCTS_DIR)/Quiz Master.app/$(BUNDLE_EXECUTABLE_FOLDER_PATH)/Quiz Master";
			};
			name = Release;
		};
		7DEFB5722BD3371100A792E2 /* Debug */ = {
			isa = XCBuildConfiguration;
			buildSettings = {
				ALWAYS_EMBED_SWIFT_STANDARD_LIBRARIES = YES;
				CODE_SIGN_STYLE = Automatic;
				CURRENT_PROJECT_VERSION = 1;
				DEVELOPMENT_TEAM = WUMMS3VR55;
				GENERATE_INFOPLIST_FILE = YES;
				MARKETING_VERSION = 1.0;
				PRODUCT_BUNDLE_IDENTIFIER = "my.izzatsyamil.Quiz-MasterUITests";
				PRODUCT_NAME = "$(TARGET_NAME)";
				SWIFT_EMIT_LOC_STRINGS = NO;
				SWIFT_VERSION = 5.0;
				TARGETED_DEVICE_FAMILY = "1,2";
				TEST_TARGET_NAME = "Quiz Master";
			};
			name = Debug;
		};
		7DEFB5732BD3371100A792E2 /* Release */ = {
			isa = XCBuildConfiguration;
			buildSettings = {
				ALWAYS_EMBED_SWIFT_STANDARD_LIBRARIES = YES;
				CODE_SIGN_STYLE = Automatic;
				CURRENT_PROJECT_VERSION = 1;
				DEVELOPMENT_TEAM = WUMMS3VR55;
				GENERATE_INFOPLIST_FILE = YES;
				MARKETING_VERSION = 1.0;
				PRODUCT_BUNDLE_IDENTIFIER = "my.izzatsyamil.Quiz-MasterUITests";
				PRODUCT_NAME = "$(TARGET_NAME)";
				SWIFT_EMIT_LOC_STRINGS = NO;
				SWIFT_VERSION = 5.0;
				TARGETED_DEVICE_FAMILY = "1,2";
				TEST_TARGET_NAME = "Quiz Master";
			};
			name = Release;
		};
/* End XCBuildConfiguration section */

/* Begin XCConfigurationList section */
		7DEFB5422BD3371000A792E2 /* Build configuration list for PBXProject "Quiz Master" */ = {
			isa = XCConfigurationList;
			buildConfigurations = (
				7DEFB5692BD3371100A792E2 /* Debug */,
				7DEFB56A2BD3371100A792E2 /* Release */,
			);
			defaultConfigurationIsVisible = 0;
			defaultConfigurationName = Release;
		};
		7DEFB56B2BD3371100A792E2 /* Build configuration list for PBXNativeTarget "Quiz Master" */ = {
			isa = XCConfigurationList;
			buildConfigurations = (
				7DEFB56C2BD3371100A792E2 /* Debug */,
				7DEFB56D2BD3371100A792E2 /* Release */,
			);
			defaultConfigurationIsVisible = 0;
			defaultConfigurationName = Release;
		};
		7DEFB56E2BD3371100A792E2 /* Build configuration list for PBXNativeTarget "Quiz MasterTests" */ = {
			isa = XCConfigurationList;
			buildConfigurations = (
				7DEFB56F2BD3371100A792E2 /* Debug */,
				7DEFB5702BD3371100A792E2 /* Release */,
			);
			defaultConfigurationIsVisible = 0;
			defaultConfigurationName = Release;
		};
		7DEFB5712BD3371100A792E2 /* Build configuration list for PBXNativeTarget "Quiz MasterUITests" */ = {
			isa = XCConfigurationList;
			buildConfigurations = (
				7DEFB5722BD3371100A792E2 /* Debug */,
				7DEFB5732BD3371100A792E2 /* Release */,
			);
			defaultConfigurationIsVisible = 0;
			defaultConfigurationName = Release;
		};
/* End XCConfigurationList section */
	};
	rootObject = 7DEFB53F2BD3371000A792E2 /* Project object */;
}
